{
  "name": "alumni-system",
  "version": "1.0.0",
  "lockfileVersion": 3,
  "requires": true,
  "packages": {
    "": {
      "name": "alumni-system",
      "version": "1.0.0",
      "license": "ISC",
      "workspaces": [
        "packages/*"
      ]
    },
    "node_modules/@alumni-system/api": {
      "resolved": "packages/api",
      "link": true
    },
    "node_modules/@alumni-system/business-logic": {
      "resolved": "packages/business-logic",
      "link": true
    },
    "node_modules/@alumni-system/data-access": {
      "resolved": "packages/data-access",
      "link": true
    },
    "node_modules/@alumni-system/frontend": {
      "resolved": "packages/frontend",
      "link": true
    },
    "node_modules/@alumni-system/shared": {
      "resolved": "packages/shared",
      "link": true
    },
    "packages/api": {
      "name": "@alumni-system/api",
      "version": "1.0.0",
      "license": "ISC",
      "dependencies": {
        "@alumni-system/business-logic": "^1.0.0",
        "@alumni-system/shared": "^1.0.0"
      }
    },
    "packages/business-logic": {
      "name": "@alumni-system/business-logic",
      "version": "1.0.0",
      "license": "ISC",
      "dependencies": {
        "@alumni-system/data-access": "^1.0.0",
        "@alumni-system/shared": "^1.0.0"
      }
    },
    "packages/data-access": {
      "name": "@alumni-system/data-access",
      "version": "1.0.0",
      "license": "ISC",
      "dependencies": {
        "@alumni-system/shared": "^1.0.0"
      }
    },
    "packages/frontend": {
      "name": "@alumni-system/frontend",
      "version": "1.0.0",
      "license": "ISC",
      "dependencies": {
        "@alumni-system/shared": "^1.0.0"
      }
    },
    "packages/shared": {
      "name": "@alumni-system/shared",
      "version": "1.0.0",
      "license": "ISC"
    }
  }
}
